
Microsoft Visual Studio Solution File, Format Version 12.00
# Visual Studio Version 17
VisualStudioVersion = 17.1.32328.378
MinimumVisualStudioVersion = 10.0.40219.1
Project("{FAE04EC0-301F-11D3-BF4B-00C04F79EFBC}") = "Server1", "Server1\Server1.csproj", "{38A08179-8E46-40E2-99FC-5A646A851E72}"
EndProject
Project("{FAE04EC0-301F-11D3-BF4B-00C04F79EFBC}") = "SeverCore", "SeverCore\SeverCore.csproj", "{C382E518-EC1B-4B58-89FA-5D85A4619306}"
EndProject
Project("{FAE04EC0-301F-11D3-BF4B-00C04F79EFBC}") = "DummyClient", "DummyClient\DummyClient.csproj", "{D9A339B1-0C85-47EE-8473-EB7B4227ADF9}"
EndProject
Global
	GlobalSection(SolutionConfigurationPlatforms) = preSolution
		Debug|Any CPU = Debug|Any CPU
		Release|Any CPU = Release|Any CPU
	EndGlobalSection
	GlobalSection(ProjectConfigurationPlatforms) = postSolution
		{38A08179-8E46-40E2-99FC-5A646A851E72}.Debug|Any CPU.ActiveCfg = Debug|Any CPU
		{38A08179-8E46-40E2-99FC-5A646A851E72}.Debug|Any CPU.Build.0 = Debug|Any CPU
		{38A08179-8E46-40E2-99FC-5A646A851E72}.Release|Any CPU.ActiveCfg = Release|Any CPU
		{38A08179-8E46-40E2-99FC-5A646A851E72}.Release|Any CPU.Build.0 = Release|Any CPU
		{C382E518-EC1B-4B58-89FA-5D85A4619306}.Debug|Any CPU.ActiveCfg = Debug|Any CPU
		{C382E518-EC1B-4B58-89FA-5D85A4619306}.Debug|Any CPU.Build.0 = Debug|Any CPU
		{C382E518-EC1B-4B58-89FA-5D85A4619306}.Release|Any CPU.ActiveCfg = Release|Any CPU
		{C382E518-EC1B-4B58-89FA-5D85A4619306}.Release|Any CPU.Build.0 = Release|Any CPU
		{D9A339B1-0C85-47EE-8473-EB7B4227ADF9}.Debug|Any CPU.ActiveCfg = Debug|Any CPU
		{D9A339B1-0C85-47EE-8473-EB7B4227ADF9}.Debug|Any CPU.Build.0 = Debug|Any CPU
		{D9A339B1-0C85-47EE-8473-EB7B4227ADF9}.Release|Any CPU.ActiveCfg = Release|Any CPU
		{D9A339B1-0C85-47EE-8473-EB7B4227ADF9}.Release|Any CPU.Build.0 = Release|Any CPU
	EndGlobalSection
	GlobalSection(SolutionProperties) = preSolution
		HideSolutionNode = FALSE
	EndGlobalSection
	GlobalSection(ExtensibilityGlobals) = postSolution
		SolutionGuid = {B62AB4AC-C397-43C4-9288-F44B554D27A3}
	EndGlobalSection
EndGlobal
